
Microsoft Visual Studio Solution File, Format Version 12.00
# Visual Studio 15
VisualStudioVersion = 15.0.26430.14
MinimumVisualStudioVersion = 10.0.40219.1
Project("{FAE04EC0-301F-11D3-BF4B-00C04F79EFBC}") = "Blank_TCP_Server", "Blank_TCP_Server.csproj", "{1E4F2438-F31E-4986-AD98-EB87D5E189AA}"
EndProject
Global
	GlobalSection(SolutionConfigurationPlatforms) = preSolution
		Debug|Any CPU = Debug|Any CPU
		Release|Any CPU = Release|Any CPU
	EndGlobalSection
	GlobalSection(ProjectConfigurationPlatforms) = postSolution
		{1E4F2438-F31E-4986-AD98-EB87D5E189AA}.Debug|Any CPU.ActiveCfg = Debug|Any CPU
		{1E4F2438-F31E-4986-AD98-EB87D5E189AA}.Debug|Any CPU.Build.0 = Debug|Any CPU
		{1E4F2438-F31E-4986-AD98-EB87D5E189AA}.Release|Any CPU.ActiveCfg = Release|Any CPU
		{1E4F2438-F31E-4986-AD98-EB87D5E189AA}.Release|Any CPU.Build.0 = Release|Any CPU
	EndGlobalSection
	GlobalSection(SolutionProperties) = preSolution
		HideSolutionNode = FALSE
	EndGlobalSection
EndGlobal
